{
    "_readme": [
        "This file locks the dependencies of your project to a known state",
        "Run 'composer install' to install dependencies"
    ],
    "content-hash": "d751713988987e9331980363e24189ce",
    "packages": [],
    "packages-dev": [],
    "aliases": [],
    "minimum-stability": "stable",
    "stability-flags": [],
    "prefer-stable": true,
    "prefer-lowest": false,
    "platform": {
        "php": ">=8.2",
        "ext-ctype": "*",
        "ext-iconv": "*"
    },
    "platform-dev": [],
    "plugin-api-version": "2.6.0"
}
